// !$*UTF8*$!
{
	archiveVersion = 1;
	classes = {
	};
	objectVersion = 46;
	objects = {

/* Begin PBXBuildFile section */
		A7D3C2D21CD50DD900157DED /* Logging.swift in Sources */ = {isa = PBXBuildFile; fileRef = A7D3C2CD1CD50DD900157DED /* Logging.swift */; };
		A7D3C2D31CD50DD900157DED /* NetworkFetch.swift in Sources */ = {isa = PBXBuildFile; fileRef = A7D3C2CE1CD50DD900157DED /* NetworkFetch.swift */; };
		A7D3C2D41CD50DD900157DED /* NetworkRequest.swift in Sources */ = {isa = PBXBuildFile; fileRef = A7D3C2CF1CD50DD900157DED /* NetworkRequest.swift */; };
		A7D3C2D51CD50DD900157DED /* Search.swift in Sources */ = {isa = PBXBuildFile; fileRef = A7D3C2D01CD50DD900157DED /* Search.swift */; };
		A7D3C2D61CD50DD900157DED /* SearchRequest.swift in Sources */ = {isa = PBXBuildFile; fileRef = A7D3C2D11CD50DD900157DED /* SearchRequest.swift */; };
		A7D3C2E31CD50F1300157DED /* Logging.swift in Sources */ = {isa = PBXBuildFile; fileRef = A7D3C2CD1CD50DD900157DED /* Logging.swift */; };
		A7D3C2E41CD50F1300157DED /* NetworkFetch.swift in Sources */ = {isa = PBXBuildFile; fileRef = A7D3C2CE1CD50DD900157DED /* NetworkFetch.swift */; };
		A7D3C2E51CD50F1300157DED /* NetworkRequest.swift in Sources */ = {isa = PBXBuildFile; fileRef = A7D3C2CF1CD50DD900157DED /* NetworkRequest.swift */; };
		A7D3C2E61CD50F1300157DED /* Search.swift in Sources */ = {isa = PBXBuildFile; fileRef = A7D3C2D01CD50DD900157DED /* Search.swift */; };
		A7D3C2E71CD50F1300157DED /* SearchRequest.swift in Sources */ = {isa = PBXBuildFile; fileRef = A7D3C2D11CD50DD900157DED /* SearchRequest.swift */; };
		A7D3C2E91CD50F4000157DED /* SearchHit.swift in Sources */ = {isa = PBXBuildFile; fileRef = A7D3C2E81CD50F4000157DED /* SearchHit.swift */; };
		A7D3C2EA1CD50FE100157DED /* SearchHit.swift in Sources */ = {isa = PBXBuildFile; fileRef = A7D3C2E81CD50F4000157DED /* SearchHit.swift */; };
		A7D3C2ED1CD5168400157DED /* movie_search_result.json in Resources */ = {isa = PBXBuildFile; fileRef = A7D3C2EC1CD5168400157DED /* movie_search_result.json */; };
		A7D3C2EF1CD516DB00157DED /* SearchHitTests.swift in Sources */ = {isa = PBXBuildFile; fileRef = A7D3C2EE1CD516DB00157DED /* SearchHitTests.swift */; };
		A7D3C2F21CD5170E00157DED /* JSONDataLoader.swift in Sources */ = {isa = PBXBuildFile; fileRef = A7D3C2F11CD5170E00157DED /* JSONDataLoader.swift */; };
		A7D3C2F41CD51D4B00157DED /* TestLogger.swift in Sources */ = {isa = PBXBuildFile; fileRef = A7D3C2F31CD51D4B00157DED /* TestLogger.swift */; };
		A7ED7B4E1CD50D40000A95A3 /* AppDelegate.swift in Sources */ = {isa = PBXBuildFile; fileRef = A7ED7B4D1CD50D40000A95A3 /* AppDelegate.swift */; };
		A7ED7B501CD50D40000A95A3 /* ViewController.swift in Sources */ = {isa = PBXBuildFile; fileRef = A7ED7B4F1CD50D40000A95A3 /* ViewController.swift */; };
		A7ED7B531CD50D40000A95A3 /* Main.storyboard in Resources */ = {isa = PBXBuildFile; fileRef = A7ED7B511CD50D40000A95A3 /* Main.storyboard */; };
		A7ED7B551CD50D40000A95A3 /* Assets.xcassets in Resources */ = {isa = PBXBuildFile; fileRef = A7ED7B541CD50D40000A95A3 /* Assets.xcassets */; };
		A7ED7B581CD50D40000A95A3 /* LaunchScreen.storyboard in Resources */ = {isa = PBXBuildFile; fileRef = A7ED7B561CD50D40000A95A3 /* LaunchScreen.storyboard */; };
/* End PBXBuildFile section */

/* Begin PBXFileReference section */
		A7D3C2CD1CD50DD900157DED /* Logging.swift */ = {isa = PBXFileReference; fileEncoding = 4; lastKnownFileType = sourcecode.swift; path = Logging.swift; sourceTree = "<group>"; };
		A7D3C2CE1CD50DD900157DED /* NetworkFetch.swift */ = {isa = PBXFileReference; fileEncoding = 4; lastKnownFileType = sourcecode.swift; path = NetworkFetch.swift; sourceTree = "<group>"; };
		A7D3C2CF1CD50DD900157DED /* NetworkRequest.swift */ = {isa = PBXFileReference; fileEncoding = 4; lastKnownFileType = sourcecode.swift; path = NetworkRequest.swift; sourceTree = "<group>"; };
		A7D3C2D01CD50DD900157DED /* Search.swift */ = {isa = PBXFileReference; fileEncoding = 4; lastKnownFileType = sourcecode.swift; path = Search.swift; sourceTree = "<group>"; };
		A7D3C2D11CD50DD900157DED /* SearchRequest.swift */ = {isa = PBXFileReference; fileEncoding = 4; lastKnownFileType = sourcecode.swift; path = SearchRequest.swift; sourceTree = "<group>"; };
		A7D3C2DB1CD50F0B00157DED /* iTunesSearchTests.xctest */ = {isa = PBXFileReference; explicitFileType = wrapper.cfbundle; includeInIndex = 0; path = iTunesSearchTests.xctest; sourceTree = BUILT_PRODUCTS_DIR; };
		A7D3C2DF1CD50F0B00157DED /* Info.plist */ = {isa = PBXFileReference; lastKnownFileType = text.plist.xml; path = Info.plist; sourceTree = "<group>"; };
		A7D3C2E81CD50F4000157DED /* SearchHit.swift */ = {isa = PBXFileReference; fileEncoding = 4; lastKnownFileType = sourcecode.swift; path = SearchHit.swift; sourceTree = "<group>"; };
		A7D3C2EC1CD5168400157DED /* movie_search_result.json */ = {isa = PBXFileReference; fileEncoding = 4; lastKnownFileType = text.json; path = movie_search_result.json; sourceTree = "<group>"; };
		A7D3C2EE1CD516DB00157DED /* SearchHitTests.swift */ = {isa = PBXFileReference; fileEncoding = 4; lastKnownFileType = sourcecode.swift; path = SearchHitTests.swift; sourceTree = "<group>"; };
		A7D3C2F11CD5170E00157DED /* JSONDataLoader.swift */ = {isa = PBXFileReference; fileEncoding = 4; lastKnownFileType = sourcecode.swift; path = JSONDataLoader.swift; sourceTree = "<group>"; };
		A7D3C2F31CD51D4B00157DED /* TestLogger.swift */ = {isa = PBXFileReference; fileEncoding = 4; lastKnownFileType = sourcecode.swift; path = TestLogger.swift; sourceTree = "<group>"; };
		A7ED7B4B1CD50D40000A95A3 /* SampleApp.app */ = {isa = PBXFileReference; explicitFileType = wrapper.application; includeInIndex = 0; path = SampleApp.app; sourceTree = BUILT_PRODUCTS_DIR; };
		A7ED7B4D1CD50D40000A95A3 /* AppDelegate.swift */ = {isa = PBXFileReference; lastKnownFileType = sourcecode.swift; path = AppDelegate.swift; sourceTree = "<group>"; };
		A7ED7B4F1CD50D40000A95A3 /* ViewController.swift */ = {isa = PBXFileReference; lastKnownFileType = sourcecode.swift; path = ViewController.swift; sourceTree = "<group>"; };
		A7ED7B521CD50D40000A95A3 /* Base */ = {isa = PBXFileReference; lastKnownFileType = file.storyboard; name = Base; path = Base.lproj/Main.storyboard; sourceTree = "<group>"; };
		A7ED7B541CD50D40000A95A3 /* Assets.xcassets */ = {isa = PBXFileReference; lastKnownFileType = folder.assetcatalog; path = Assets.xcassets; sourceTree = "<group>"; };
		A7ED7B571CD50D40000A95A3 /* Base */ = {isa = PBXFileReference; lastKnownFileType = file.storyboard; name = Base; path = Base.lproj/LaunchScreen.storyboard; sourceTree = "<group>"; };
		A7ED7B591CD50D40000A95A3 /* Info.plist */ = {isa = PBXFileReference; lastKnownFileType = text.plist.xml; path = Info.plist; sourceTree = "<group>"; };
/* End PBXFileReference section */

/* Begin PBXFrameworksBuildPhase section */
		A7D3C2D81CD50F0B00157DED /* Frameworks */ = {
			isa = PBXFrameworksBuildPhase;
			buildActionMask = 2147483647;
			files = (
			);
			runOnlyForDeploymentPostprocessing = 0;
		};
		A7ED7B481CD50D40000A95A3 /* Frameworks */ = {
			isa = PBXFrameworksBuildPhase;
			buildActionMask = 2147483647;
			files = (
			);
			runOnlyForDeploymentPostprocessing = 0;
		};
/* End PBXFrameworksBuildPhase section */

/* Begin PBXGroup section */
		A7D3C2CC1CD50DD900157DED /* Source */ = {
			isa = PBXGroup;
			children = (
				A7D3C2CD1CD50DD900157DED /* Logging.swift */,
				A7D3C2CE1CD50DD900157DED /* NetworkFetch.swift */,
				A7D3C2CF1CD50DD900157DED /* NetworkRequest.swift */,
				A7D3C2D01CD50DD900157DED /* Search.swift */,
				A7D3C2E81CD50F4000157DED /* SearchHit.swift */,
				A7D3C2D11CD50DD900157DED /* SearchRequest.swift */,
			);
			path = Source;
			sourceTree = "<group>";
		};
		A7D3C2DC1CD50F0B00157DED /* iTunesSearchTests */ = {
			isa = PBXGroup;
			children = (
				A7D3C2EB1CD5167500157DED /* Data */,
				A7D3C2F01CD516FC00157DED /* Helpers */,
				A7D3C2DF1CD50F0B00157DED /* Info.plist */,
				A7D3C2EE1CD516DB00157DED /* SearchHitTests.swift */,
			);
			path = iTunesSearchTests;
			sourceTree = "<group>";
		};
		A7D3C2EB1CD5167500157DED /* Data */ = {
			isa = PBXGroup;
			children = (
				A7D3C2EC1CD5168400157DED /* movie_search_result.json */,
			);
			path = Data;
			sourceTree = "<group>";
		};
		A7D3C2F01CD516FC00157DED /* Helpers */ = {
			isa = PBXGroup;
			children = (
				A7D3C2F11CD5170E00157DED /* JSONDataLoader.swift */,
				A7D3C2F31CD51D4B00157DED /* TestLogger.swift */,
			);
			path = Helpers;
			sourceTree = "<group>";
		};
		A7ED7B131CD50CDD000A95A3 = {
			isa = PBXGroup;
			children = (
				A7D3C2CC1CD50DD900157DED /* Source */,
				A7ED7B4C1CD50D40000A95A3 /* SampleApp */,
				A7D3C2DC1CD50F0B00157DED /* iTunesSearchTests */,
				A7ED7B1D1CD50CDD000A95A3 /* Products */,
			);
			sourceTree = "<group>";
		};
		A7ED7B1D1CD50CDD000A95A3 /* Products */ = {
			isa = PBXGroup;
			children = (
				A7ED7B4B1CD50D40000A95A3 /* SampleApp.app */,
				A7D3C2DB1CD50F0B00157DED /* iTunesSearchTests.xctest */,
			);
			name = Products;
			sourceTree = "<group>";
		};
		A7ED7B4C1CD50D40000A95A3 /* SampleApp */ = {
			isa = PBXGroup;
			children = (
				A7ED7B4D1CD50D40000A95A3 /* AppDelegate.swift */,
				A7ED7B4F1CD50D40000A95A3 /* ViewController.swift */,
				A7ED7B511CD50D40000A95A3 /* Main.storyboard */,
				A7ED7B541CD50D40000A95A3 /* Assets.xcassets */,
				A7ED7B561CD50D40000A95A3 /* LaunchScreen.storyboard */,
				A7ED7B591CD50D40000A95A3 /* Info.plist */,
			);
			path = SampleApp;
			sourceTree = "<group>";
		};
/* End PBXGroup section */

/* Begin PBXNativeTarget section */
		A7D3C2DA1CD50F0B00157DED /* iTunesSearchTests */ = {
			isa = PBXNativeTarget;
			buildConfigurationList = A7D3C2E01CD50F0B00157DED /* Build configuration list for PBXNativeTarget "iTunesSearchTests" */;
			buildPhases = (
				A7D3C2D71CD50F0B00157DED /* Sources */,
				A7D3C2D81CD50F0B00157DED /* Frameworks */,
				A7D3C2D91CD50F0B00157DED /* Resources */,
			);
			buildRules = (
			);
			dependencies = (
			);
			name = iTunesSearchTests;
			productName = iTunesSearchTests;
			productReference = A7D3C2DB1CD50F0B00157DED /* iTunesSearchTests.xctest */;
			productType = "com.apple.product-type.bundle.unit-test";
		};
		A7ED7B4A1CD50D40000A95A3 /* SampleApp */ = {
			isa = PBXNativeTarget;
			buildConfigurationList = A7ED7B5A1CD50D40000A95A3 /* Build configuration list for PBXNativeTarget "SampleApp" */;
			buildPhases = (
				A7ED7B471CD50D40000A95A3 /* Sources */,
				A7ED7B481CD50D40000A95A3 /* Frameworks */,
				A7ED7B491CD50D40000A95A3 /* Resources */,
			);
			buildRules = (
			);
			dependencies = (
			);
			name = SampleApp;
			productName = SampleApp;
			productReference = A7ED7B4B1CD50D40000A95A3 /* SampleApp.app */;
			productType = "com.apple.product-type.application";
		};
/* End PBXNativeTarget section */

/* Begin PBXProject section */
		A7ED7B141CD50CDD000A95A3 /* Project object */ = {
			isa = PBXProject;
			attributes = {
				LastSwiftUpdateCheck = 0730;
				LastUpgradeCheck = 0730;
				ORGANIZATIONNAME = "Coodly LLC";
				TargetAttributes = {
					A7D3C2DA1CD50F0B00157DED = {
						CreatedOnToolsVersion = 7.3;
					};
					A7ED7B4A1CD50D40000A95A3 = {
						CreatedOnToolsVersion = 7.3;
					};
				};
			};
			buildConfigurationList = A7ED7B171CD50CDD000A95A3 /* Build configuration list for PBXProject "iTunesSearch" */;
			compatibilityVersion = "Xcode 3.2";
			developmentRegion = English;
			hasScannedForEncodings = 0;
			knownRegions = (
				en,
				Base,
			);
			mainGroup = A7ED7B131CD50CDD000A95A3;
			productRefGroup = A7ED7B1D1CD50CDD000A95A3 /* Products */;
			projectDirPath = "";
			projectRoot = "";
			targets = (
				A7ED7B4A1CD50D40000A95A3 /* SampleApp */,
				A7D3C2DA1CD50F0B00157DED /* iTunesSearchTests */,
			);
		};
/* End PBXProject section */

/* Begin PBXResourcesBuildPhase section */
		A7D3C2D91CD50F0B00157DED /* Resources */ = {
			isa = PBXResourcesBuildPhase;
			buildActionMask = 2147483647;
			files = (
				A7D3C2ED1CD5168400157DED /* movie_search_result.json in Resources */,
			);
			runOnlyForDeploymentPostprocessing = 0;
		};
		A7ED7B491CD50D40000A95A3 /* Resources */ = {
			isa = PBXResourcesBuildPhase;
			buildActionMask = 2147483647;
			files = (
				A7ED7B581CD50D40000A95A3 /* LaunchScreen.storyboard in Resources */,
				A7ED7B551CD50D40000A95A3 /* Assets.xcassets in Resources */,
				A7ED7B531CD50D40000A95A3 /* Main.storyboard in Resources */,
			);
			runOnlyForDeploymentPostprocessing = 0;
		};
/* End PBXResourcesBuildPhase section */

/* Begin PBXSourcesBuildPhase section */
		A7D3C2D71CD50F0B00157DED /* Sources */ = {
			isa = PBXSourcesBuildPhase;
			buildActionMask = 2147483647;
			files = (
				A7D3C2F41CD51D4B00157DED /* TestLogger.swift in Sources */,
				A7D3C2E71CD50F1300157DED /* SearchRequest.swift in Sources */,
				A7D3C2E41CD50F1300157DED /* NetworkFetch.swift in Sources */,
				A7D3C2F21CD5170E00157DED /* JSONDataLoader.swift in Sources */,
				A7D3C2E61CD50F1300157DED /* Search.swift in Sources */,
				A7D3C2EA1CD50FE100157DED /* SearchHit.swift in Sources */,
				A7D3C2EF1CD516DB00157DED /* SearchHitTests.swift in Sources */,
				A7D3C2E51CD50F1300157DED /* NetworkRequest.swift in Sources */,
				A7D3C2E31CD50F1300157DED /* Logging.swift in Sources */,
			);
			runOnlyForDeploymentPostprocessing = 0;
		};
		A7ED7B471CD50D40000A95A3 /* Sources */ = {
			isa = PBXSourcesBuildPhase;
			buildActionMask = 2147483647;
			files = (
				A7ED7B501CD50D40000A95A3 /* ViewController.swift in Sources */,
				A7D3C2D31CD50DD900157DED /* NetworkFetch.swift in Sources */,
				A7D3C2D21CD50DD900157DED /* Logging.swift in Sources */,
				A7D3C2D51CD50DD900157DED /* Search.swift in Sources */,
				A7D3C2D61CD50DD900157DED /* SearchRequest.swift in Sources */,
				A7ED7B4E1CD50D40000A95A3 /* AppDelegate.swift in Sources */,
				A7D3C2E91CD50F4000157DED /* SearchHit.swift in Sources */,
				A7D3C2D41CD50DD900157DED /* NetworkRequest.swift in Sources */,
			);
			runOnlyForDeploymentPostprocessing = 0;
		};
/* End PBXSourcesBuildPhase section */

/* Begin PBXVariantGroup section */
		A7ED7B511CD50D40000A95A3 /* Main.storyboard */ = {
			isa = PBXVariantGroup;
			children = (
				A7ED7B521CD50D40000A95A3 /* Base */,
			);
			name = Main.storyboard;
			sourceTree = "<group>";
		};
		A7ED7B561CD50D40000A95A3 /* LaunchScreen.storyboard */ = {
			isa = PBXVariantGroup;
			children = (
				A7ED7B571CD50D40000A95A3 /* Base */,
			);
			name = LaunchScreen.storyboard;
			sourceTree = "<group>";
		};
/* End PBXVariantGroup section */

/* Begin XCBuildConfiguration section */
		A7D3C2E11CD50F0B00157DED /* Debug */ = {
			isa = XCBuildConfiguration;
			buildSettings = {
				INFOPLIST_FILE = iTunesSearchTests/Info.plist;
				LD_RUNPATH_SEARCH_PATHS = "$(inherited) @executable_path/Frameworks @loader_path/Frameworks";
				PRODUCT_BUNDLE_IDENTIFIER = com.coodly.search.iTunesSearchTests;
				PRODUCT_NAME = "$(TARGET_NAME)";
			};
			name = Debug;
		};
		A7D3C2E21CD50F0B00157DED /* Release */ = {
			isa = XCBuildConfiguration;
			buildSettings = {
				INFOPLIST_FILE = iTunesSearchTests/Info.plist;
				LD_RUNPATH_SEARCH_PATHS = "$(inherited) @executable_path/Frameworks @loader_path/Frameworks";
				PRODUCT_BUNDLE_IDENTIFIER = com.coodly.search.iTunesSearchTests;
				PRODUCT_NAME = "$(TARGET_NAME)";
			};
			name = Release;
		};
		A7ED7B2C1CD50CDD000A95A3 /* Debug */ = {
			isa = XCBuildConfiguration;
			buildSettings = {
				ALWAYS_SEARCH_USER_PATHS = NO;
				CLANG_ANALYZER_NONNULL = YES;
				CLANG_CXX_LANGUAGE_STANDARD = "gnu++0x";
				CLANG_CXX_LIBRARY = "libc++";
				CLANG_ENABLE_MODULES = YES;
				CLANG_ENABLE_OBJC_ARC = YES;
				CLANG_WARN_BOOL_CONVERSION = YES;
				CLANG_WARN_CONSTANT_CONVERSION = YES;
				CLANG_WARN_DIRECT_OBJC_ISA_USAGE = YES_ERROR;
				CLANG_WARN_EMPTY_BODY = YES;
				CLANG_WARN_ENUM_CONVERSION = YES;
				CLANG_WARN_INT_CONVERSION = YES;
				CLANG_WARN_OBJC_ROOT_CLASS = YES_ERROR;
				CLANG_WARN_UNREACHABLE_CODE = YES;
				CLANG_WARN__DUPLICATE_METHOD_MATCH = YES;
				"CODE_SIGN_IDENTITY[sdk=iphoneos*]" = "iPhone Developer";
				COPY_PHASE_STRIP = NO;
				DEBUG_INFORMATION_FORMAT = dwarf;
				ENABLE_STRICT_OBJC_MSGSEND = YES;
				ENABLE_TESTABILITY = YES;
				GCC_C_LANGUAGE_STANDARD = gnu99;
				GCC_DYNAMIC_NO_PIC = NO;
				GCC_NO_COMMON_BLOCKS = YES;
				GCC_OPTIMIZATION_LEVEL = 0;
				GCC_PREPROCESSOR_DEFINITIONS = (
					"DEBUG=1",
					"$(inherited)",
				);
				GCC_WARN_64_TO_32_BIT_CONVERSION = YES;
				GCC_WARN_ABOUT_RETURN_TYPE = YES_ERROR;
				GCC_WARN_UNDECLARED_SELECTOR = YES;
				GCC_WARN_UNINITIALIZED_AUTOS = YES_AGGRESSIVE;
				GCC_WARN_UNUSED_FUNCTION = YES;
				GCC_WARN_UNUSED_VARIABLE = YES;
				IPHONEOS_DEPLOYMENT_TARGET = 9.3;
				MTL_ENABLE_DEBUG_INFO = YES;
				ONLY_ACTIVE_ARCH = YES;
				SDKROOT = iphoneos;
				SWIFT_OPTIMIZATION_LEVEL = "-Onone";
			};
			name = Debug;
		};
		A7ED7B2D1CD50CDD000A95A3 /* Release */ = {
			isa = XCBuildConfiguration;
			buildSettings = {
				ALWAYS_SEARCH_USER_PATHS = NO;
				CLANG_ANALYZER_NONNULL = YES;
				CLANG_CXX_LANGUAGE_STANDARD = "gnu++0x";
				CLANG_CXX_LIBRARY = "libc++";
				CLANG_ENABLE_MODULES = YES;
				CLANG_ENABLE_OBJC_ARC = YES;
				CLANG_WARN_BOOL_CONVERSION = YES;
				CLANG_WARN_CONSTANT_CONVERSION = YES;
				CLANG_WARN_DIRECT_OBJC_ISA_USAGE = YES_ERROR;
				CLANG_WARN_EMPTY_BODY = YES;
				CLANG_WARN_ENUM_CONVERSION = YES;
				CLANG_WARN_INT_CONVERSION = YES;
				CLANG_WARN_OBJC_ROOT_CLASS = YES_ERROR;
				CLANG_WARN_UNREACHABLE_CODE = YES;
				CLANG_WARN__DUPLICATE_METHOD_MATCH = YES;
				"CODE_SIGN_IDENTITY[sdk=iphoneos*]" = "iPhone Developer";
				COPY_PHASE_STRIP = NO;
				DEBUG_INFORMATION_FORMAT = "dwarf-with-dsym";
				ENABLE_NS_ASSERTIONS = NO;
				ENABLE_STRICT_OBJC_MSGSEND = YES;
				GCC_C_LANGUAGE_STANDARD = gnu99;
				GCC_NO_COMMON_BLOCKS = YES;
				GCC_WARN_64_TO_32_BIT_CONVERSION = YES;
				GCC_WARN_ABOUT_RETURN_TYPE = YES_ERROR;
				GCC_WARN_UNDECLARED_SELECTOR = YES;
				GCC_WARN_UNINITIALIZED_AUTOS = YES_AGGRESSIVE;
				GCC_WARN_UNUSED_FUNCTION = YES;
				GCC_WARN_UNUSED_VARIABLE = YES;
				IPHONEOS_DEPLOYMENT_TARGET = 9.3;
				MTL_ENABLE_DEBUG_INFO = NO;
				SDKROOT = iphoneos;
				VALIDATE_PRODUCT = YES;
			};
			name = Release;
		};
		A7ED7B5B1CD50D40000A95A3 /* Debug */ = {
			isa = XCBuildConfiguration;
			buildSettings = {
				ASSETCATALOG_COMPILER_APPICON_NAME = AppIcon;
				INFOPLIST_FILE = SampleApp/Info.plist;
				LD_RUNPATH_SEARCH_PATHS = "$(inherited) @executable_path/Frameworks";
				PRODUCT_BUNDLE_IDENTIFIER = com.coodly.search.SampleApp;
				PRODUCT_NAME = "$(TARGET_NAME)";
			};
			name = Debug;
		};
		A7ED7B5C1CD50D40000A95A3 /* Release */ = {
			isa = XCBuildConfiguration;
			buildSettings = {
				ASSETCATALOG_COMPILER_APPICON_NAME = AppIcon;
				INFOPLIST_FILE = SampleApp/Info.plist;
				LD_RUNPATH_SEARCH_PATHS = "$(inherited) @executable_path/Frameworks";
				PRODUCT_BUNDLE_IDENTIFIER = com.coodly.search.SampleApp;
				PRODUCT_NAME = "$(TARGET_NAME)";
			};
			name = Release;
		};
/* End XCBuildConfiguration section */

/* Begin XCConfigurationList section */
		A7D3C2E01CD50F0B00157DED /* Build configuration list for PBXNativeTarget "iTunesSearchTests" */ = {
			isa = XCConfigurationList;
			buildConfigurations = (
				A7D3C2E11CD50F0B00157DED /* Debug */,
				A7D3C2E21CD50F0B00157DED /* Release */,
			);
			defaultConfigurationIsVisible = 0;
		};
		A7ED7B171CD50CDD000A95A3 /* Build configuration list for PBXProject "iTunesSearch" */ = {
			isa = XCConfigurationList;
			buildConfigurations = (
				A7ED7B2C1CD50CDD000A95A3 /* Debug */,
				A7ED7B2D1CD50CDD000A95A3 /* Release */,
			);
			defaultConfigurationIsVisible = 0;
			defaultConfigurationName = Release;
		};
		A7ED7B5A1CD50D40000A95A3 /* Build configuration list for PBXNativeTarget "SampleApp" */ = {
			isa = XCConfigurationList;
			buildConfigurations = (
				A7ED7B5B1CD50D40000A95A3 /* Debug */,
				A7ED7B5C1CD50D40000A95A3 /* Release */,
			);
			defaultConfigurationIsVisible = 0;
			defaultConfigurationName = Release;
		};
/* End XCConfigurationList section */
	};
	rootObject = A7ED7B141CD50CDD000A95A3 /* Project object */;
}
